// !$*UTF8*$!
{
	archiveVersion = 1;
	classes = {
	};
	objectVersion = 56;
	objects = {

/* Begin PBXBuildFile section */
		1A7C1CCA328E8D0262FA107D /* Pods_CicadaLiveTests.framework in Frameworks */ = {isa = PBXBuildFile; fileRef = 2E3B74997026A5D7B458D109 /* Pods_CicadaLiveTests.framework */; };
		3B52AB1229E7EFD80035E6F6 /* MainViewController.swift in Sources */ = {isa = PBXBuildFile; fileRef = 3B52AB1029E7EFD80035E6F6 /* MainViewController.swift */; };
		3B52AB1C29E7F9B30035E6F6 /* Follow.storyboard in Resources */ = {isa = PBXBuildFile; fileRef = 3B52AB1B29E7F9B30035E6F6 /* Follow.storyboard */; };
		3B52AB2129E801E30035E6F6 /* Home.storyboard in Resources */ = {isa = PBXBuildFile; fileRef = 3B52AB2029E801E30035E6F6 /* Home.storyboard */; };
		3B52AB2329E802220035E6F6 /* Live.storyboard in Resources */ = {isa = PBXBuildFile; fileRef = 3B52AB2229E802210035E6F6 /* Live.storyboard */; };
		3B52AB2529E8025A0035E6F6 /* Profile.storyboard in Resources */ = {isa = PBXBuildFile; fileRef = 3B52AB2429E802590035E6F6 /* Profile.storyboard */; };
		3B52AB2D29E803EC0035E6F6 /* HomeViewController.swift in Sources */ = {isa = PBXBuildFile; fileRef = 3B52AB2C29E803EC0035E6F6 /* HomeViewController.swift */; };
		3B52AB3029E809520035E6F6 /* UIBarButtonItem-Extension.swift in Sources */ = {isa = PBXBuildFile; fileRef = 3B52AB2F29E809520035E6F6 /* UIBarButtonItem-Extension.swift */; };
		3B52AB3229E810490035E6F6 /* PageTitleView.swift in Sources */ = {isa = PBXBuildFile; fileRef = 3B52AB3129E810490035E6F6 /* PageTitleView.swift */; };
		3B52AB3529E831D30035E6F6 /* Common.swift in Sources */ = {isa = PBXBuildFile; fileRef = 3B52AB3429E831D30035E6F6 /* Common.swift */; };
		3B52AB3729E8437E0035E6F6 /* PageContentView.swift in Sources */ = {isa = PBXBuildFile; fileRef = 3B52AB3629E8437E0035E6F6 /* PageContentView.swift */; };
		3B52AB3929E8460E0035E6F6 /* UIColor-Extension.swift in Sources */ = {isa = PBXBuildFile; fileRef = 3B52AB3829E8460E0035E6F6 /* UIColor-Extension.swift */; };
		3B52AB3B29E867A20035E6F6 /* RecommendViewController.swift in Sources */ = {isa = PBXBuildFile; fileRef = 3B52AB3A29E867A20035E6F6 /* RecommendViewController.swift */; };
		3B52AB3E29E8711B0035E6F6 /* CollectionHeaderView.swift in Sources */ = {isa = PBXBuildFile; fileRef = 3B52AB3C29E8711B0035E6F6 /* CollectionHeaderView.swift */; };
		3B52AB3F29E8711B0035E6F6 /* CollectionHeaderView.xib in Resources */ = {isa = PBXBuildFile; fileRef = 3B52AB3D29E8711B0035E6F6 /* CollectionHeaderView.xib */; };
		3B52AB4229E8796B0035E6F6 /* CollectionNormalCell.swift in Sources */ = {isa = PBXBuildFile; fileRef = 3B52AB4029E8796B0035E6F6 /* CollectionNormalCell.swift */; };
		3B52AB4329E8796B0035E6F6 /* CollectionNormalCell.xib in Resources */ = {isa = PBXBuildFile; fileRef = 3B52AB4129E8796B0035E6F6 /* CollectionNormalCell.xib */; };
		3B52AB4629E880AD0035E6F6 /* CollectionPrettyCell.swift in Sources */ = {isa = PBXBuildFile; fileRef = 3B52AB4429E880AD0035E6F6 /* CollectionPrettyCell.swift */; };
		3B52AB4729E880AD0035E6F6 /* CollectionPrettyCell.xib in Resources */ = {isa = PBXBuildFile; fileRef = 3B52AB4529E880AD0035E6F6 /* CollectionPrettyCell.xib */; };
		3B52AB4A29E8F2420035E6F6 /* NetworkTools.swift in Sources */ = {isa = PBXBuildFile; fileRef = 3B52AB4929E8F2420035E6F6 /* NetworkTools.swift */; };
		3B52AB4D29E9061C0035E6F6 /* RecommendViewModel.swift in Sources */ = {isa = PBXBuildFile; fileRef = 3B52AB4C29E9061C0035E6F6 /* RecommendViewModel.swift */; };
		3B52AB4F29E90D0E0035E6F6 /* NSDate-Extension.swift in Sources */ = {isa = PBXBuildFile; fileRef = 3B52AB4E29E90D0E0035E6F6 /* NSDate-Extension.swift */; };
		3B52AB5129E91CBC0035E6F6 /* AnchorGroup.swift in Sources */ = {isa = PBXBuildFile; fileRef = 3B52AB5029E91CBC0035E6F6 /* AnchorGroup.swift */; };
		3B52AB5329E9277C0035E6F6 /* AnchorModel.swift in Sources */ = {isa = PBXBuildFile; fileRef = 3B52AB5229E9277C0035E6F6 /* AnchorModel.swift */; };
		3B52AB5529E94DF90035E6F6 /* CollectionBaseCell.swift in Sources */ = {isa = PBXBuildFile; fileRef = 3B52AB5429E94DF90035E6F6 /* CollectionBaseCell.swift */; };
		3B52AB5729E959FF0035E6F6 /* RecommendCycleView.swift in Sources */ = {isa = PBXBuildFile; fileRef = 3B52AB5629E959FF0035E6F6 /* RecommendCycleView.swift */; };
		3B52AB5B29E95A820035E6F6 /* RecommendCycleView.xib in Resources */ = {isa = PBXBuildFile; fileRef = 3B52AB5A29E95A820035E6F6 /* RecommendCycleView.xib */; };
		3B52AB5D29E993DA0035E6F6 /* CycleModel.swift in Sources */ = {isa = PBXBuildFile; fileRef = 3B52AB5C29E993D90035E6F6 /* CycleModel.swift */; };
		3B52AB6029E99A4C0035E6F6 /* CollectionCycleCell.swift in Sources */ = {isa = PBXBuildFile; fileRef = 3B52AB5E29E99A4B0035E6F6 /* CollectionCycleCell.swift */; };
		3B52AB6129E99A4C0035E6F6 /* CollectionCycleCell.xib in Resources */ = {isa = PBXBuildFile; fileRef = 3B52AB5F29E99A4B0035E6F6 /* CollectionCycleCell.xib */; };
		3B52AB6429E9ABD60035E6F6 /* CollectionGameCell.swift in Sources */ = {isa = PBXBuildFile; fileRef = 3B52AB6229E9ABD60035E6F6 /* CollectionGameCell.swift */; };
		3B52AB6529E9ABD60035E6F6 /* CollectionGameCell.xib in Resources */ = {isa = PBXBuildFile; fileRef = 3B52AB6329E9ABD60035E6F6 /* CollectionGameCell.xib */; };
		3B52AB6729E9ABFD0035E6F6 /* RecommendGameView.swift in Sources */ = {isa = PBXBuildFile; fileRef = 3B52AB6629E9ABFD0035E6F6 /* RecommendGameView.swift */; };
		3B52AB6929E9AC120035E6F6 /* RecommendGameView.xib in Resources */ = {isa = PBXBuildFile; fileRef = 3B52AB6829E9AC120035E6F6 /* RecommendGameView.xib */; };
		3B52AB6C29EA4C400035E6F6 /* BaseViewModel.swift in Sources */ = {isa = PBXBuildFile; fileRef = 3B52AB6B29EA4C400035E6F6 /* BaseViewModel.swift */; };
		3B52AB6E29EA54B70035E6F6 /* BaseViewController.swift in Sources */ = {isa = PBXBuildFile; fileRef = 3B52AB6D29EA54B70035E6F6 /* BaseViewController.swift */; };
		3B52AB7529EA66F80035E6F6 /* RoomShowViewController.swift in Sources */ = {isa = PBXBuildFile; fileRef = 3B52AB7429EA66F80035E6F6 /* RoomShowViewController.swift */; };
		3B52AB7729EA67040035E6F6 /* RoomNormalViewController.swift in Sources */ = {isa = PBXBuildFile; fileRef = 3B52AB7629EA67040035E6F6 /* RoomNormalViewController.swift */; };
		3B52AB7929EA6C510035E6F6 /* BaseNavigationController.swift in Sources */ = {isa = PBXBuildFile; fileRef = 3B52AB7829EA6C510035E6F6 /* BaseNavigationController.swift */; };
		3B5DE59F29EA8FAB0025EFA1 /* VideoCaptureViewController.swift in Sources */ = {isa = PBXBuildFile; fileRef = 3B5DE59D29EA8FAB0025EFA1 /* VideoCaptureViewController.swift */; };
		3B5DE5A029EA8FAB0025EFA1 /* VideoCaptureViewController.xib in Resources */ = {isa = PBXBuildFile; fileRef = 3B5DE59E29EA8FAB0025EFA1 /* VideoCaptureViewController.xib */; };
		3BF0C25B29E7B9E900AE950B /* AppDelegate.swift in Sources */ = {isa = PBXBuildFile; fileRef = 3BF0C25A29E7B9E900AE950B /* AppDelegate.swift */; };
		3BF0C26229E7B9E900AE950B /* Main.storyboard in Resources */ = {isa = PBXBuildFile; fileRef = 3BF0C26029E7B9E900AE950B /* Main.storyboard */; };
		3BF0C26429E7B9EF00AE950B /* Assets.xcassets in Resources */ = {isa = PBXBuildFile; fileRef = 3BF0C26329E7B9EF00AE950B /* Assets.xcassets */; };
		3BF0C26729E7B9EF00AE950B /* LaunchScreen.storyboard in Resources */ = {isa = PBXBuildFile; fileRef = 3BF0C26529E7B9EF00AE950B /* LaunchScreen.storyboard */; };
		3BF0C27229E7B9F000AE950B /* CicadaLiveTests.swift in Sources */ = {isa = PBXBuildFile; fileRef = 3BF0C27129E7B9F000AE950B /* CicadaLiveTests.swift */; };
		3BF0C27C29E7B9F000AE950B /* CicadaLiveUITests.swift in Sources */ = {isa = PBXBuildFile; fileRef = 3BF0C27B29E7B9F000AE950B /* CicadaLiveUITests.swift */; };
		3BF0C27E29E7B9F000AE950B /* CicadaLiveUITestsLaunchTests.swift in Sources */ = {isa = PBXBuildFile; fileRef = 3BF0C27D29E7B9F000AE950B /* CicadaLiveUITestsLaunchTests.swift */; };
		E52C9B0EBF2387AE4D3410C9 /* Pods_CicadaLive_CicadaLiveUITests.framework in Frameworks */ = {isa = PBXBuildFile; fileRef = 2C4DE2A25111E90DA5312721 /* Pods_CicadaLive_CicadaLiveUITests.framework */; };
		E8B9D0D00AFD88A2B8FA325D /* Pods_CicadaLive.framework in Frameworks */ = {isa = PBXBuildFile; fileRef = DD569002256AC6929D6AE4BF /* Pods_CicadaLive.framework */; };
/* End PBXBuildFile section */

/* Begin PBXContainerItemProxy section */
		3BF0C26E29E7B9F000AE950B /* PBXContainerItemProxy */ = {
			isa = PBXContainerItemProxy;
			containerPortal = 3BF0C24F29E7B9E800AE950B /* Project object */;
			proxyType = 1;
			remoteGlobalIDString = 3BF0C25629E7B9E900AE950B;
			remoteInfo = CicadaLive;
		};
		3BF0C27829E7B9F000AE950B /* PBXContainerItemProxy */ = {
			isa = PBXContainerItemProxy;
			containerPortal = 3BF0C24F29E7B9E800AE950B /* Project object */;
			proxyType = 1;
			remoteGlobalIDString = 3BF0C25629E7B9E900AE950B;
			remoteInfo = CicadaLive;
		};
/* End PBXContainerItemProxy section */

/* Begin PBXFileReference section */
		0A1BFA0903DC133C6F25E044 /* Pods-CicadaLive.debug.xcconfig */ = {isa = PBXFileReference; includeInIndex = 1; lastKnownFileType = text.xcconfig; name = "Pods-CicadaLive.debug.xcconfig"; path = "Target Support Files/Pods-CicadaLive/Pods-CicadaLive.debug.xcconfig"; sourceTree = "<group>"; };
		2C4DE2A25111E90DA5312721 /* Pods_CicadaLive_CicadaLiveUITests.framework */ = {isa = PBXFileReference; explicitFileType = wrapper.framework; includeInIndex = 0; path = Pods_CicadaLive_CicadaLiveUITests.framework; sourceTree = BUILT_PRODUCTS_DIR; };
		2E3B74997026A5D7B458D109 /* Pods_CicadaLiveTests.framework */ = {isa = PBXFileReference; explicitFileType = wrapper.framework; includeInIndex = 0; path = Pods_CicadaLiveTests.framework; sourceTree = BUILT_PRODUCTS_DIR; };
		3B52AB1129E7EFD80035E6F6 /* Base */ = {isa = PBXFileReference; lastKnownFileType = sourcecode.swift; name = Base; path = Base.lproj/MainViewController.swift; sourceTree = "<group>"; };
		3B52AB1B29E7F9B30035E6F6 /* Follow.storyboard */ = {isa = PBXFileReference; fileEncoding = 4; lastKnownFileType = file.storyboard; path = Follow.storyboard; sourceTree = "<group>"; };
		3B52AB2029E801E30035E6F6 /* Home.storyboard */ = {isa = PBXFileReference; fileEncoding = 4; lastKnownFileType = file.storyboard; path = Home.storyboard; sourceTree = "<group>"; };
		3B52AB2229E802210035E6F6 /* Live.storyboard */ = {isa = PBXFileReference; fileEncoding = 4; lastKnownFileType = file.storyboard; path = Live.storyboard; sourceTree = "<group>"; };
		3B52AB2429E802590035E6F6 /* Profile.storyboard */ = {isa = PBXFileReference; fileEncoding = 4; lastKnownFileType = file.storyboard; path = Profile.storyboard; sourceTree = "<group>"; };
		3B52AB2C29E803EC0035E6F6 /* HomeViewController.swift */ = {isa = PBXFileReference; lastKnownFileType = sourcecode.swift; path = HomeViewController.swift; sourceTree = "<group>"; };
		3B52AB2F29E809520035E6F6 /* UIBarButtonItem-Extension.swift */ = {isa = PBXFileReference; lastKnownFileType = sourcecode.swift; path = "UIBarButtonItem-Extension.swift"; sourceTree = "<group>"; };
		3B52AB3129E810490035E6F6 /* PageTitleView.swift */ = {isa = PBXFileReference; lastKnownFileType = sourcecode.swift; path = PageTitleView.swift; sourceTree = "<group>"; };
		3B52AB3429E831D30035E6F6 /* Common.swift */ = {isa = PBXFileReference; lastKnownFileType = sourcecode.swift; path = Common.swift; sourceTree = "<group>"; };
		3B52AB3629E8437E0035E6F6 /* PageContentView.swift */ = {isa = PBXFileReference; lastKnownFileType = sourcecode.swift; path = PageContentView.swift; sourceTree = "<group>"; };
		3B52AB3829E8460E0035E6F6 /* UIColor-Extension.swift */ = {isa = PBXFileReference; lastKnownFileType = sourcecode.swift; path = "UIColor-Extension.swift"; sourceTree = "<group>"; };
		3B52AB3A29E867A20035E6F6 /* RecommendViewController.swift */ = {isa = PBXFileReference; lastKnownFileType = sourcecode.swift; path = RecommendViewController.swift; sourceTree = "<group>"; };
		3B52AB3C29E8711B0035E6F6 /* CollectionHeaderView.swift */ = {isa = PBXFileReference; lastKnownFileType = sourcecode.swift; path = CollectionHeaderView.swift; sourceTree = "<group>"; };
		3B52AB3D29E8711B0035E6F6 /* CollectionHeaderView.xib */ = {isa = PBXFileReference; lastKnownFileType = file.xib; path = CollectionHeaderView.xib; sourceTree = "<group>"; };
		3B52AB4029E8796B0035E6F6 /* CollectionNormalCell.swift */ = {isa = PBXFileReference; lastKnownFileType = sourcecode.swift; path = CollectionNormalCell.swift; sourceTree = "<group>"; };
		3B52AB4129E8796B0035E6F6 /* CollectionNormalCell.xib */ = {isa = PBXFileReference; lastKnownFileType = file.xib; path = CollectionNormalCell.xib; sourceTree = "<group>"; };
		3B52AB4429E880AD0035E6F6 /* CollectionPrettyCell.swift */ = {isa = PBXFileReference; lastKnownFileType = sourcecode.swift; path = CollectionPrettyCell.swift; sourceTree = "<group>"; };
		3B52AB4529E880AD0035E6F6 /* CollectionPrettyCell.xib */ = {isa = PBXFileReference; lastKnownFileType = file.xib; path = CollectionPrettyCell.xib; sourceTree = "<group>"; };
		3B52AB4929E8F2420035E6F6 /* NetworkTools.swift */ = {isa = PBXFileReference; lastKnownFileType = sourcecode.swift; path = NetworkTools.swift; sourceTree = "<group>"; };
		3B52AB4C29E9061C0035E6F6 /* RecommendViewModel.swift */ = {isa = PBXFileReference; lastKnownFileType = sourcecode.swift; path = RecommendViewModel.swift; sourceTree = "<group>"; };
		3B52AB4E29E90D0E0035E6F6 /* NSDate-Extension.swift */ = {isa = PBXFileReference; lastKnownFileType = sourcecode.swift; path = "NSDate-Extension.swift"; sourceTree = "<group>"; };
		3B52AB5029E91CBC0035E6F6 /* AnchorGroup.swift */ = {isa = PBXFileReference; lastKnownFileType = sourcecode.swift; path = AnchorGroup.swift; sourceTree = "<group>"; };
		3B52AB5229E9277C0035E6F6 /* AnchorModel.swift */ = {isa = PBXFileReference; lastKnownFileType = sourcecode.swift; path = AnchorModel.swift; sourceTree = "<group>"; };
		3B52AB5429E94DF90035E6F6 /* CollectionBaseCell.swift */ = {isa = PBXFileReference; lastKnownFileType = sourcecode.swift; path = CollectionBaseCell.swift; sourceTree = "<group>"; };
		3B52AB5629E959FF0035E6F6 /* RecommendCycleView.swift */ = {isa = PBXFileReference; lastKnownFileType = sourcecode.swift; path = RecommendCycleView.swift; sourceTree = "<group>"; };
		3B52AB5A29E95A820035E6F6 /* RecommendCycleView.xib */ = {isa = PBXFileReference; lastKnownFileType = file.xib; path = RecommendCycleView.xib; sourceTree = "<group>"; };
		3B52AB5C29E993D90035E6F6 /* CycleModel.swift */ = {isa = PBXFileReference; lastKnownFileType = sourcecode.swift; name = CycleModel.swift; path = CicadaLive/Classes/Home/CycleModel.swift; sourceTree = SOURCE_ROOT; };
		3B52AB5E29E99A4B0035E6F6 /* CollectionCycleCell.swift */ = {isa = PBXFileReference; lastKnownFileType = sourcecode.swift; path = CollectionCycleCell.swift; sourceTree = "<group>"; };
		3B52AB5F29E99A4B0035E6F6 /* CollectionCycleCell.xib */ = {isa = PBXFileReference; lastKnownFileType = file.xib; path = CollectionCycleCell.xib; sourceTree = "<group>"; };
		3B52AB6229E9ABD60035E6F6 /* CollectionGameCell.swift */ = {isa = PBXFileReference; lastKnownFileType = sourcecode.swift; path = CollectionGameCell.swift; sourceTree = "<group>"; };
		3B52AB6329E9ABD60035E6F6 /* CollectionGameCell.xib */ = {isa = PBXFileReference; lastKnownFileType = file.xib; path = CollectionGameCell.xib; sourceTree = "<group>"; };
		3B52AB6629E9ABFD0035E6F6 /* RecommendGameView.swift */ = {isa = PBXFileReference; lastKnownFileType = sourcecode.swift; path = RecommendGameView.swift; sourceTree = "<group>"; };
		3B52AB6829E9AC120035E6F6 /* RecommendGameView.xib */ = {isa = PBXFileReference; lastKnownFileType = file.xib; path = RecommendGameView.xib; sourceTree = "<group>"; };
		3B52AB6B29EA4C400035E6F6 /* BaseViewModel.swift */ = {isa = PBXFileReference; lastKnownFileType = sourcecode.swift; path = BaseViewModel.swift; sourceTree = "<group>"; };
		3B52AB6D29EA54B70035E6F6 /* BaseViewController.swift */ = {isa = PBXFileReference; lastKnownFileType = sourcecode.swift; path = BaseViewController.swift; sourceTree = "<group>"; };
		3B52AB7429EA66F80035E6F6 /* RoomShowViewController.swift */ = {isa = PBXFileReference; lastKnownFileType = sourcecode.swift; path = RoomShowViewController.swift; sourceTree = "<group>"; };
		3B52AB7629EA67040035E6F6 /* RoomNormalViewController.swift */ = {isa = PBXFileReference; lastKnownFileType = sourcecode.swift; path = RoomNormalViewController.swift; sourceTree = "<group>"; };
		3B52AB7829EA6C510035E6F6 /* BaseNavigationController.swift */ = {isa = PBXFileReference; lastKnownFileType = sourcecode.swift; path = BaseNavigationController.swift; sourceTree = "<group>"; };
		3B5DE59D29EA8FAB0025EFA1 /* VideoCaptureViewController.swift */ = {isa = PBXFileReference; lastKnownFileType = sourcecode.swift; path = VideoCaptureViewController.swift; sourceTree = "<group>"; };
		3B5DE59E29EA8FAB0025EFA1 /* VideoCaptureViewController.xib */ = {isa = PBXFileReference; lastKnownFileType = file.xib; path = VideoCaptureViewController.xib; sourceTree = "<group>"; };
		3BF0C25729E7B9E900AE950B /* CicadaLive.app */ = {isa = PBXFileReference; explicitFileType = wrapper.application; includeInIndex = 0; path = CicadaLive.app; sourceTree = BUILT_PRODUCTS_DIR; };
		3BF0C25A29E7B9E900AE950B /* AppDelegate.swift */ = {isa = PBXFileReference; lastKnownFileType = sourcecode.swift; path = AppDelegate.swift; sourceTree = "<group>"; };
		3BF0C26129E7B9E900AE950B /* Base */ = {isa = PBXFileReference; lastKnownFileType = file.storyboard; name = Base; path = Base.lproj/Main.storyboard; sourceTree = "<group>"; };
		3BF0C26329E7B9EF00AE950B /* Assets.xcassets */ = {isa = PBXFileReference; lastKnownFileType = folder.assetcatalog; path = Assets.xcassets; sourceTree = "<group>"; };
		3BF0C26629E7B9EF00AE950B /* Base */ = {isa = PBXFileReference; lastKnownFileType = file.storyboard; name = Base; path = Base.lproj/LaunchScreen.storyboard; sourceTree = "<group>"; };
		3BF0C26829E7B9EF00AE950B /* Info.plist */ = {isa = PBXFileReference; lastKnownFileType = text.plist.xml; path = Info.plist; sourceTree = "<group>"; };
		3BF0C26D29E7B9F000AE950B /* CicadaLiveTests.xctest */ = {isa = PBXFileReference; explicitFileType = wrapper.cfbundle; includeInIndex = 0; path = CicadaLiveTests.xctest; sourceTree = BUILT_PRODUCTS_DIR; };
		3BF0C27129E7B9F000AE950B /* CicadaLiveTests.swift */ = {isa = PBXFileReference; lastKnownFileType = sourcecode.swift; path = CicadaLiveTests.swift; sourceTree = "<group>"; };
		3BF0C27729E7B9F000AE950B /* CicadaLiveUITests.xctest */ = {isa = PBXFileReference; explicitFileType = wrapper.cfbundle; includeInIndex = 0; path = CicadaLiveUITests.xctest; sourceTree = BUILT_PRODUCTS_DIR; };
		3BF0C27B29E7B9F000AE950B /* CicadaLiveUITests.swift */ = {isa = PBXFileReference; lastKnownFileType = sourcecode.swift; path = CicadaLiveUITests.swift; sourceTree = "<group>"; };
		3BF0C27D29E7B9F000AE950B /* CicadaLiveUITestsLaunchTests.swift */ = {isa = PBXFileReference; lastKnownFileType = sourcecode.swift; path = CicadaLiveUITestsLaunchTests.swift; sourceTree = "<group>"; };
		52581DBE6B40700E36FCC1DD /* Pods-CicadaLive-CicadaLiveUITests.release.xcconfig */ = {isa = PBXFileReference; includeInIndex = 1; lastKnownFileType = text.xcconfig; name = "Pods-CicadaLive-CicadaLiveUITests.release.xcconfig"; path = "Target Support Files/Pods-CicadaLive-CicadaLiveUITests/Pods-CicadaLive-CicadaLiveUITests.release.xcconfig"; sourceTree = "<group>"; };
		5DE613B9E94023FF8888AFB3 /* Pods-CicadaLiveTests.debug.xcconfig */ = {isa = PBXFileReference; includeInIndex = 1; lastKnownFileType = text.xcconfig; name = "Pods-CicadaLiveTests.debug.xcconfig"; path = "Target Support Files/Pods-CicadaLiveTests/Pods-CicadaLiveTests.debug.xcconfig"; sourceTree = "<group>"; };
		8B108D325261AEF4170BFF0E /* Pods-CicadaLive.release.xcconfig */ = {isa = PBXFileReference; includeInIndex = 1; lastKnownFileType = text.xcconfig; name = "Pods-CicadaLive.release.xcconfig"; path = "Target Support Files/Pods-CicadaLive/Pods-CicadaLive.release.xcconfig"; sourceTree = "<group>"; };
		B928BC96C2CBC8360C543C73 /* Pods-CicadaLive-CicadaLiveUITests.debug.xcconfig */ = {isa = PBXFileReference; includeInIndex = 1; lastKnownFileType = text.xcconfig; name = "Pods-CicadaLive-CicadaLiveUITests.debug.xcconfig"; path = "Target Support Files/Pods-CicadaLive-CicadaLiveUITests/Pods-CicadaLive-CicadaLiveUITests.debug.xcconfig"; sourceTree = "<group>"; };
		BE5C24C8DE830921DCC874B5 /* Pods-CicadaLiveTests.release.xcconfig */ = {isa = PBXFileReference; includeInIndex = 1; lastKnownFileType = text.xcconfig; name = "Pods-CicadaLiveTests.release.xcconfig"; path = "Target Support Files/Pods-CicadaLiveTests/Pods-CicadaLiveTests.release.xcconfig"; sourceTree = "<group>"; };
		DD569002256AC6929D6AE4BF /* Pods_CicadaLive.framework */ = {isa = PBXFileReference; explicitFileType = wrapper.framework; includeInIndex = 0; path = Pods_CicadaLive.framework; sourceTree = BUILT_PRODUCTS_DIR; };
/* End PBXFileReference section */

/* Begin PBXFrameworksBuildPhase section */
		3BF0C25429E7B9E900AE950B /* Frameworks */ = {
			isa = PBXFrameworksBuildPhase;
			buildActionMask = 2147483647;
			files = (
				E8B9D0D00AFD88A2B8FA325D /* Pods_CicadaLive.framework in Frameworks */,
			);
			runOnlyForDeploymentPostprocessing = 0;
		};
		3BF0C26A29E7B9F000AE950B /* Frameworks */ = {
			isa = PBXFrameworksBuildPhase;
			buildActionMask = 2147483647;
			files = (
				1A7C1CCA328E8D0262FA107D /* Pods_CicadaLiveTests.framework in Frameworks */,
			);
			runOnlyForDeploymentPostprocessing = 0;
		};
		3BF0C27429E7B9F000AE950B /* Frameworks */ = {
			isa = PBXFrameworksBuildPhase;
			buildActionMask = 2147483647;
			files = (
				E52C9B0EBF2387AE4D3410C9 /* Pods_CicadaLive_CicadaLiveUITests.framework in Frameworks */,
			);
			runOnlyForDeploymentPostprocessing = 0;
		};
/* End PBXFrameworksBuildPhase section */

/* Begin PBXGroup section */
		3757A2051FA1F86AB5F7E31A /* Frameworks */ = {
			isa = PBXGroup;
			children = (
				DD569002256AC6929D6AE4BF /* Pods_CicadaLive.framework */,
				2C4DE2A25111E90DA5312721 /* Pods_CicadaLive_CicadaLiveUITests.framework */,
				2E3B74997026A5D7B458D109 /* Pods_CicadaLiveTests.framework */,
			);
			name = Frameworks;
			sourceTree = "<group>";
		};
		3B52AB2629E8034D0035E6F6 /* Controller */ = {
			isa = PBXGroup;
			children = (
				3B52AB2029E801E30035E6F6 /* Home.storyboard */,
				3B52AB2C29E803EC0035E6F6 /* HomeViewController.swift */,
				3B52AB3A29E867A20035E6F6 /* RecommendViewController.swift */,
			);
			path = Controller;
			sourceTree = "<group>";
		};
		3B52AB2729E803600035E6F6 /* View */ = {
			isa = PBXGroup;
			children = (
				3B52AB3C29E8711B0035E6F6 /* CollectionHeaderView.swift */,
				3B52AB3D29E8711B0035E6F6 /* CollectionHeaderView.xib */,
				3B52AB5629E959FF0035E6F6 /* RecommendCycleView.swift */,
				3B52AB5A29E95A820035E6F6 /* RecommendCycleView.xib */,
				3B52AB5E29E99A4B0035E6F6 /* CollectionCycleCell.swift */,
				3B52AB5F29E99A4B0035E6F6 /* CollectionCycleCell.xib */,
				3B52AB6229E9ABD60035E6F6 /* CollectionGameCell.swift */,
				3B52AB6329E9ABD60035E6F6 /* CollectionGameCell.xib */,
				3B52AB6629E9ABFD0035E6F6 /* RecommendGameView.swift */,
				3B52AB6829E9AC120035E6F6 /* RecommendGameView.xib */,
			);
			path = View;
			sourceTree = "<group>";
		};
		3B52AB2829E803690035E6F6 /* Model */ = {
			isa = PBXGroup;
			children = (
				3B52AB5C29E993D90035E6F6 /* CycleModel.swift */,
			);
			path = Model;
			sourceTree = "<group>";
		};
		3B52AB2929E803790035E6F6 /* Controller */ = {
			isa = PBXGroup;
			children = (
				3BF0C26029E7B9E900AE950B /* Main.storyboard */,
				3B52AB1029E7EFD80035E6F6 /* MainViewController.swift */,
				3B52AB6D29EA54B70035E6F6 /* BaseViewController.swift */,
				3B52AB7829EA6C510035E6F6 /* BaseNavigationController.swift */,
			);
			path = Controller;
			sourceTree = "<group>";
		};
		3B52AB2A29E803B50035E6F6 /* View */ = {
			isa = PBXGroup;
			children = (
				3B52AB3129E810490035E6F6 /* PageTitleView.swift */,
				3B52AB3629E8437E0035E6F6 /* PageContentView.swift */,
				3B52AB4029E8796B0035E6F6 /* CollectionNormalCell.swift */,
				3B52AB4129E8796B0035E6F6 /* CollectionNormalCell.xib */,
				3B52AB4429E880AD0035E6F6 /* CollectionPrettyCell.swift */,
				3B52AB4529E880AD0035E6F6 /* CollectionPrettyCell.xib */,
				3B52AB5429E94DF90035E6F6 /* CollectionBaseCell.swift */,
			);
			path = View;
			sourceTree = "<group>";
		};
		3B52AB2B29E803C00035E6F6 /* Model */ = {
			isa = PBXGroup;
			children = (
				3B52AB5029E91CBC0035E6F6 /* AnchorGroup.swift */,
				3B52AB5229E9277C0035E6F6 /* AnchorModel.swift */,
			);
			path = Model;
			sourceTree = "<group>";
		};
		3B52AB2E29E809140035E6F6 /* Extension */ = {
			isa = PBXGroup;
			children = (
				3B52AB2F29E809520035E6F6 /* UIBarButtonItem-Extension.swift */,
				3B52AB3829E8460E0035E6F6 /* UIColor-Extension.swift */,
				3B52AB4E29E90D0E0035E6F6 /* NSDate-Extension.swift */,
			);
			path = Extension;
			sourceTree = "<group>";
		};
		3B52AB3329E831BD0035E6F6 /* Common */ = {
			isa = PBXGroup;
			children = (
				3B52AB3429E831D30035E6F6 /* Common.swift */,
			);
			path = Common;
			sourceTree = "<group>";
		};
		3B52AB4829E8F2000035E6F6 /* Network */ = {
			isa = PBXGroup;
			children = (
				3B52AB4929E8F2420035E6F6 /* NetworkTools.swift */,
			);
			path = Network;
			sourceTree = "<group>";
		};
		3B52AB4B29E905F30035E6F6 /* ViewModel */ = {
			isa = PBXGroup;
			children = (
				3B52AB4C29E9061C0035E6F6 /* RecommendViewModel.swift */,
			);
			path = ViewModel;
			sourceTree = "<group>";
		};
		3B52AB6A29EA4C1E0035E6F6 /* ViewModel */ = {
			isa = PBXGroup;
			children = (
				3B52AB6B29EA4C400035E6F6 /* BaseViewModel.swift */,
			);
			path = ViewModel;
			sourceTree = "<group>";
		};
		3B52AB6F29EA66910035E6F6 /* Room */ = {
			isa = PBXGroup;
			children = (
				3B52AB7329EA66C20035E6F6 /* ViewModel */,
				3B52AB7229EA66B20035E6F6 /* Model */,
				3B52AB7129EA66AB0035E6F6 /* View */,
				3B52AB7029EA669D0035E6F6 /* Controller */,
			);
			path = Room;
			sourceTree = "<group>";
		};
		3B52AB7029EA669D0035E6F6 /* Controller */ = {
			isa = PBXGroup;
			children = (
				3B52AB7429EA66F80035E6F6 /* RoomShowViewController.swift */,
				3B52AB7629EA67040035E6F6 /* RoomNormalViewController.swift */,
			);
			path = Controller;
			sourceTree = "<group>";
		};
		3B52AB7129EA66AB0035E6F6 /* View */ = {
			isa = PBXGroup;
			children = (
			);
			path = View;
			sourceTree = "<group>";
		};
		3B52AB7229EA66B20035E6F6 /* Model */ = {
			isa = PBXGroup;
			children = (
			);
			path = Model;
			sourceTree = "<group>";
		};
		3B52AB7329EA66C20035E6F6 /* ViewModel */ = {
			isa = PBXGroup;
			children = (
			);
			path = ViewModel;
			sourceTree = "<group>";
		};
		3B5DE59C29EA8F770025EFA1 /* Controller */ = {
			isa = PBXGroup;
			children = (
				3B5DE59D29EA8FAB0025EFA1 /* VideoCaptureViewController.swift */,
				3B5DE59E29EA8FAB0025EFA1 /* VideoCaptureViewController.xib */,
			);
			path = Controller;
			sourceTree = "<group>";
		};
		3BCE6CF529E7DDC100378B72 /* Classes */ = {
			isa = PBXGroup;
			children = (
				3BCE6CF629E7DDDB00378B72 /* Main */,
				3B52AB6F29EA66910035E6F6 /* Room */,
				3BCE6CF729E7DDE200378B72 /* Home */,
				3BCE6CF829E7DDE800378B72 /* Live */,
				3BCE6CF929E7DDEE00378B72 /* Follow */,
				3BCE6CFA29E7DE0900378B72 /* Profile */,
				3BCE6CFB29E7DE1300378B72 /* Tools */,
			);
			path = Classes;
			sourceTree = "<group>";
		};
		3BCE6CF629E7DDDB00378B72 /* Main */ = {
			isa = PBXGroup;
			children = (
				3B52AB6A29EA4C1E0035E6F6 /* ViewModel */,
				3B52AB2B29E803C00035E6F6 /* Model */,
				3B52AB2A29E803B50035E6F6 /* View */,
				3B52AB2929E803790035E6F6 /* Controller */,
			);
			path = Main;
			sourceTree = "<group>";
		};
		3BCE6CF729E7DDE200378B72 /* Home */ = {
			isa = PBXGroup;
			children = (
				3B52AB4B29E905F30035E6F6 /* ViewModel */,
				3B52AB2829E803690035E6F6 /* Model */,
				3B52AB2729E803600035E6F6 /* View */,
				3B52AB2629E8034D0035E6F6 /* Controller */,
			);
			path = Home;
			sourceTree = "<group>";
		};
		3BCE6CF829E7DDE800378B72 /* Live */ = {
			isa = PBXGroup;
			children = (
				3B5DE59C29EA8F770025EFA1 /* Controller */,
				3B52AB2229E802210035E6F6 /* Live.storyboard */,
			);
			path = Live;
			sourceTree = "<group>";
		};
		3BCE6CF929E7DDEE00378B72 /* Follow */ = {
			isa = PBXGroup;
			children = (
				3B52AB1B29E7F9B30035E6F6 /* Follow.storyboard */,
			);
			path = Follow;
			sourceTree = "<group>";
		};
		3BCE6CFA29E7DE0900378B72 /* Profile */ = {
			isa = PBXGroup;
			children = (
				3B52AB2429E802590035E6F6 /* Profile.storyboard */,
			);
			path = Profile;
			sourceTree = "<group>";
		};
		3BCE6CFB29E7DE1300378B72 /* Tools */ = {
			isa = PBXGroup;
			children = (
				3B52AB4829E8F2000035E6F6 /* Network */,
				3B52AB3329E831BD0035E6F6 /* Common */,
				3B52AB2E29E809140035E6F6 /* Extension */,
			);
			path = Tools;
			sourceTree = "<group>";
		};
		3BF0C24E29E7B9E800AE950B = {
			isa = PBXGroup;
			children = (
				3BF0C25929E7B9E900AE950B /* CicadaLive */,
				3BF0C27029E7B9F000AE950B /* CicadaLiveTests */,
				3BF0C27A29E7B9F000AE950B /* CicadaLiveUITests */,
				3BF0C25829E7B9E900AE950B /* Products */,
				F7AFFFE026513D34DFF616ED /* Pods */,
				3757A2051FA1F86AB5F7E31A /* Frameworks */,
			);
			sourceTree = "<group>";
		};
		3BF0C25829E7B9E900AE950B /* Products */ = {
			isa = PBXGroup;
			children = (
				3BF0C25729E7B9E900AE950B /* CicadaLive.app */,
				3BF0C26D29E7B9F000AE950B /* CicadaLiveTests.xctest */,
				3BF0C27729E7B9F000AE950B /* CicadaLiveUITests.xctest */,
			);
			name = Products;
			sourceTree = "<group>";
		};
		3BF0C25929E7B9E900AE950B /* CicadaLive */ = {
			isa = PBXGroup;
			children = (
				3BCE6CF529E7DDC100378B72 /* Classes */,
				3BF0C25A29E7B9E900AE950B /* AppDelegate.swift */,
				3BF0C26329E7B9EF00AE950B /* Assets.xcassets */,
				3BF0C26529E7B9EF00AE950B /* LaunchScreen.storyboard */,
				3BF0C26829E7B9EF00AE950B /* Info.plist */,
			);
			path = CicadaLive;
			sourceTree = "<group>";
		};
		3BF0C27029E7B9F000AE950B /* CicadaLiveTests */ = {
			isa = PBXGroup;
			children = (
				3BF0C27129E7B9F000AE950B /* CicadaLiveTests.swift */,
			);
			path = CicadaLiveTests;
			sourceTree = "<group>";
		};
		3BF0C27A29E7B9F000AE950B /* CicadaLiveUITests */ = {
			isa = PBXGroup;
			children = (
				3BF0C27B29E7B9F000AE950B /* CicadaLiveUITests.swift */,
				3BF0C27D29E7B9F000AE950B /* CicadaLiveUITestsLaunchTests.swift */,
			);
			path = CicadaLiveUITests;
			sourceTree = "<group>";
		};
		F7AFFFE026513D34DFF616ED /* Pods */ = {
			isa = PBXGroup;
			children = (
				0A1BFA0903DC133C6F25E044 /* Pods-CicadaLive.debug.xcconfig */,
				8B108D325261AEF4170BFF0E /* Pods-CicadaLive.release.xcconfig */,
				B928BC96C2CBC8360C543C73 /* Pods-CicadaLive-CicadaLiveUITests.debug.xcconfig */,
				52581DBE6B40700E36FCC1DD /* Pods-CicadaLive-CicadaLiveUITests.release.xcconfig */,
				5DE613B9E94023FF8888AFB3 /* Pods-CicadaLiveTests.debug.xcconfig */,
				BE5C24C8DE830921DCC874B5 /* Pods-CicadaLiveTests.release.xcconfig */,
			);
			path = Pods;
			sourceTree = "<group>";
		};
/* End PBXGroup section */

/* Begin PBXNativeTarget section */
		3BF0C25629E7B9E900AE950B /* CicadaLive */ = {
			isa = PBXNativeTarget;
			buildConfigurationList = 3BF0C28129E7B9F000AE950B /* Build configuration list for PBXNativeTarget "CicadaLive" */;
			buildPhases = (
				5721BDF7DCF7F3EBA13DC5FC /* [CP] Check Pods Manifest.lock */,
				3BF0C25329E7B9E900AE950B /* Sources */,
				3BF0C25429E7B9E900AE950B /* Frameworks */,
				3BF0C25529E7B9E900AE950B /* Resources */,
				3D170B8FDA66A3E73CC46BAF /* [CP] Embed Pods Frameworks */,
			);
			buildRules = (
			);
			dependencies = (
			);
			name = CicadaLive;
			productName = CicadaLive;
			productReference = 3BF0C25729E7B9E900AE950B /* CicadaLive.app */;
			productType = "com.apple.product-type.application";
		};
		3BF0C26C29E7B9F000AE950B /* CicadaLiveTests */ = {
			isa = PBXNativeTarget;
			buildConfigurationList = 3BF0C28429E7B9F000AE950B /* Build configuration list for PBXNativeTarget "CicadaLiveTests" */;
			buildPhases = (
				A09ECA890EE38A1B00CCF626 /* [CP] Check Pods Manifest.lock */,
				3BF0C26929E7B9F000AE950B /* Sources */,
				3BF0C26A29E7B9F000AE950B /* Frameworks */,
				3BF0C26B29E7B9F000AE950B /* Resources */,
			);
			buildRules = (
			);
			dependencies = (
				3BF0C26F29E7B9F000AE950B /* PBXTargetDependency */,
			);
			name = CicadaLiveTests;
			productName = CicadaLiveTests;
			productReference = 3BF0C26D29E7B9F000AE950B /* CicadaLiveTests.xctest */;
			productType = "com.apple.product-type.bundle.unit-test";
		};
		3BF0C27629E7B9F000AE950B /* CicadaLiveUITests */ = {
			isa = PBXNativeTarget;
			buildConfigurationList = 3BF0C28729E7B9F000AE950B /* Build configuration list for PBXNativeTarget "CicadaLiveUITests" */;
			buildPhases = (
				87A787B5FBD63588ABF1EF2F /* [CP] Check Pods Manifest.lock */,
				3BF0C27329E7B9F000AE950B /* Sources */,
				3BF0C27429E7B9F000AE950B /* Frameworks */,
				3BF0C27529E7B9F000AE950B /* Resources */,
				3FB9F24B45A615175BE4B76F /* [CP] Embed Pods Frameworks */,
			);
			buildRules = (
			);
			dependencies = (
				3BF0C27929E7B9F000AE950B /* PBXTargetDependency */,
			);
			name = CicadaLiveUITests;
			productName = CicadaLiveUITests;
			productReference = 3BF0C27729E7B9F000AE950B /* CicadaLiveUITests.xctest */;
			productType = "com.apple.product-type.bundle.ui-testing";
		};
/* End PBXNativeTarget section */

/* Begin PBXProject section */
		3BF0C24F29E7B9E800AE950B /* Project object */ = {
			isa = PBXProject;
			attributes = {
				BuildIndependentTargetsInParallel = 1;
				LastSwiftUpdateCheck = 1420;
				LastUpgradeCheck = 1420;
				TargetAttributes = {
					3BF0C25629E7B9E900AE950B = {
						CreatedOnToolsVersion = 14.2;
					};
					3BF0C26C29E7B9F000AE950B = {
						CreatedOnToolsVersion = 14.2;
						TestTargetID = 3BF0C25629E7B9E900AE950B;
					};
					3BF0C27629E7B9F000AE950B = {
						CreatedOnToolsVersion = 14.2;
						TestTargetID = 3BF0C25629E7B9E900AE950B;
					};
				};
			};
			buildConfigurationList = 3BF0C25229E7B9E800AE950B /* Build configuration list for PBXProject "CicadaLive" */;
			compatibilityVersion = "Xcode 14.0";
			developmentRegion = en;
			hasScannedForEncodings = 0;
			knownRegions = (
				en,
				Base,
			);
			mainGroup = 3BF0C24E29E7B9E800AE950B;
			productRefGroup = 3BF0C25829E7B9E900AE950B /* Products */;
			projectDirPath = "";
			projectRoot = "";
			targets = (
				3BF0C25629E7B9E900AE950B /* CicadaLive */,
				3BF0C26C29E7B9F000AE950B /* CicadaLiveTests */,
				3BF0C27629E7B9F000AE950B /* CicadaLiveUITests */,
			);
		};
/* End PBXProject section */

/* Begin PBXResourcesBuildPhase section */
		3BF0C25529E7B9E900AE950B /* Resources */ = {
			isa = PBXResourcesBuildPhase;
			buildActionMask = 2147483647;
			files = (
				3BF0C26729E7B9EF00AE950B /* LaunchScreen.storyboard in Resources */,
				3B52AB3F29E8711B0035E6F6 /* CollectionHeaderView.xib in Resources */,
				3B52AB4329E8796B0035E6F6 /* CollectionNormalCell.xib in Resources */,
				3B5DE5A029EA8FAB0025EFA1 /* VideoCaptureViewController.xib in Resources */,
				3BF0C26429E7B9EF00AE950B /* Assets.xcassets in Resources */,
				3B52AB2529E8025A0035E6F6 /* Profile.storyboard in Resources */,
				3B52AB6929E9AC120035E6F6 /* RecommendGameView.xib in Resources */,
				3B52AB6529E9ABD60035E6F6 /* CollectionGameCell.xib in Resources */,
				3B52AB2329E802220035E6F6 /* Live.storyboard in Resources */,
				3BF0C26229E7B9E900AE950B /* Main.storyboard in Resources */,
				3B52AB5B29E95A820035E6F6 /* RecommendCycleView.xib in Resources */,
				3B52AB6129E99A4C0035E6F6 /* CollectionCycleCell.xib in Resources */,
				3B52AB4729E880AD0035E6F6 /* CollectionPrettyCell.xib in Resources */,
				3B52AB1C29E7F9B30035E6F6 /* Follow.storyboard in Resources */,
				3B52AB2129E801E30035E6F6 /* Home.storyboard in Resources */,
			);
			runOnlyForDeploymentPostprocessing = 0;
		};
		3BF0C26B29E7B9F000AE950B /* Resources */ = {
			isa = PBXResourcesBuildPhase;
			buildActionMask = 2147483647;
			files = (
			);
			runOnlyForDeploymentPostprocessing = 0;
		};
		3BF0C27529E7B9F000AE950B /* Resources */ = {
			isa = PBXResourcesBuildPhase;
			buildActionMask = 2147483647;
			files = (
			);
			runOnlyForDeploymentPostprocessing = 0;
		};
/* End PBXResourcesBuildPhase section */

/* Begin PBXShellScriptBuildPhase section */
		3D170B8FDA66A3E73CC46BAF /* [CP] Embed Pods Frameworks */ = {
			isa = PBXShellScriptBuildPhase;
			buildActionMask = 2147483647;
			files = (
			);
			inputFileListPaths = (
				"${PODS_ROOT}/Target Support Files/Pods-CicadaLive/Pods-CicadaLive-frameworks-${CONFIGURATION}-input-files.xcfilelist",
			);
			name = "[CP] Embed Pods Frameworks";
			outputFileListPaths = (
				"${PODS_ROOT}/Target Support Files/Pods-CicadaLive/Pods-CicadaLive-frameworks-${CONFIGURATION}-output-files.xcfilelist",
			);
			runOnlyForDeploymentPostprocessing = 0;
			shellPath = /bin/sh;
			shellScript = "\"${PODS_ROOT}/Target Support Files/Pods-CicadaLive/Pods-CicadaLive-frameworks.sh\"\n";
			showEnvVarsInLog = 0;
		};
		3FB9F24B45A615175BE4B76F /* [CP] Embed Pods Frameworks */ = {
			isa = PBXShellScriptBuildPhase;
			buildActionMask = 2147483647;
			files = (
			);
			inputFileListPaths = (
				"${PODS_ROOT}/Target Support Files/Pods-CicadaLive-CicadaLiveUITests/Pods-CicadaLive-CicadaLiveUITests-frameworks-${CONFIGURATION}-input-files.xcfilelist",
			);
			name = "[CP] Embed Pods Frameworks";
			outputFileListPaths = (
				"${PODS_ROOT}/Target Support Files/Pods-CicadaLive-CicadaLiveUITests/Pods-CicadaLive-CicadaLiveUITests-frameworks-${CONFIGURATION}-output-files.xcfilelist",
			);
			runOnlyForDeploymentPostprocessing = 0;
			shellPath = /bin/sh;
			shellScript = "\"${PODS_ROOT}/Target Support Files/Pods-CicadaLive-CicadaLiveUITests/Pods-CicadaLive-CicadaLiveUITests-frameworks.sh\"\n";
			showEnvVarsInLog = 0;
		};
		5721BDF7DCF7F3EBA13DC5FC /* [CP] Check Pods Manifest.lock */ = {
			isa = PBXShellScriptBuildPhase;
			buildActionMask = 2147483647;
			files = (
			);
			inputFileListPaths = (
			);
			inputPaths = (
				"${PODS_PODFILE_DIR_PATH}/Podfile.lock",
				"${PODS_ROOT}/Manifest.lock",
			);
			name = "[CP] Check Pods Manifest.lock";
			outputFileListPaths = (
			);
			outputPaths = (
				"$(DERIVED_FILE_DIR)/Pods-CicadaLive-checkManifestLockResult.txt",
			);
			runOnlyForDeploymentPostprocessing = 0;
			shellPath = /bin/sh;
			shellScript = "diff \"${PODS_PODFILE_DIR_PATH}/Podfile.lock\" \"${PODS_ROOT}/Manifest.lock\" > /dev/null\nif [ $? != 0 ] ; then\n    # print error to STDERR\n    echo \"error: The sandbox is not in sync with the Podfile.lock. Run 'pod install' or update your CocoaPods installation.\" >&2\n    exit 1\nfi\n# This output is used by Xcode 'outputs' to avoid re-running this script phase.\necho \"SUCCESS\" > \"${SCRIPT_OUTPUT_FILE_0}\"\n";
			showEnvVarsInLog = 0;
		};
		87A787B5FBD63588ABF1EF2F /* [CP] Check Pods Manifest.lock */ = {
			isa = PBXShellScriptBuildPhase;
			buildActionMask = 2147483647;
			files = (
			);
			inputFileListPaths = (
			);
			inputPaths = (
				"${PODS_PODFILE_DIR_PATH}/Podfile.lock",
				"${PODS_ROOT}/Manifest.lock",
			);
			name = "[CP] Check Pods Manifest.lock";
			outputFileListPaths = (
			);
			outputPaths = (
				"$(DERIVED_FILE_DIR)/Pods-CicadaLive-CicadaLiveUITests-checkManifestLockResult.txt",
			);
			runOnlyForDeploymentPostprocessing = 0;
			shellPath = /bin/sh;
			shellScript = "diff \"${PODS_PODFILE_DIR_PATH}/Podfile.lock\" \"${PODS_ROOT}/Manifest.lock\" > /dev/null\nif [ $? != 0 ] ; then\n    # print error to STDERR\n    echo \"error: The sandbox is not in sync with the Podfile.lock. Run 'pod install' or update your CocoaPods installation.\" >&2\n    exit 1\nfi\n# This output is used by Xcode 'outputs' to avoid re-running this script phase.\necho \"SUCCESS\" > \"${SCRIPT_OUTPUT_FILE_0}\"\n";
			showEnvVarsInLog = 0;
		};
		A09ECA890EE38A1B00CCF626 /* [CP] Check Pods Manifest.lock */ = {
			isa = PBXShellScriptBuildPhase;
			buildActionMask = 2147483647;
			files = (
			);
			inputFileListPaths = (
			);
			inputPaths = (
				"${PODS_PODFILE_DIR_PATH}/Podfile.lock",
				"${PODS_ROOT}/Manifest.lock",
			);
			name = "[CP] Check Pods Manifest.lock";
			outputFileListPaths = (
			);
			outputPaths = (
				"$(DERIVED_FILE_DIR)/Pods-CicadaLiveTests-checkManifestLockResult.txt",
			);
			runOnlyForDeploymentPostprocessing = 0;
			shellPath = /bin/sh;
			shellScript = "diff \"${PODS_PODFILE_DIR_PATH}/Podfile.lock\" \"${PODS_ROOT}/Manifest.lock\" > /dev/null\nif [ $? != 0 ] ; then\n    # print error to STDERR\n    echo \"error: The sandbox is not in sync with the Podfile.lock. Run 'pod install' or update your CocoaPods installation.\" >&2\n    exit 1\nfi\n# This output is used by Xcode 'outputs' to avoid re-running this script phase.\necho \"SUCCESS\" > \"${SCRIPT_OUTPUT_FILE_0}\"\n";
			showEnvVarsInLog = 0;
		};
/* End PBXShellScriptBuildPhase section */

/* Begin PBXSourcesBuildPhase section */
		3BF0C25329E7B9E900AE950B /* Sources */ = {
			isa = PBXSourcesBuildPhase;
			buildActionMask = 2147483647;
			files = (
				3B52AB5729E959FF0035E6F6 /* RecommendCycleView.swift in Sources */,
				3B52AB1229E7EFD80035E6F6 /* MainViewController.swift in Sources */,
				3B52AB3E29E8711B0035E6F6 /* CollectionHeaderView.swift in Sources */,
				3B52AB3929E8460E0035E6F6 /* UIColor-Extension.swift in Sources */,
				3B52AB6729E9ABFD0035E6F6 /* RecommendGameView.swift in Sources */,
				3B52AB6C29EA4C400035E6F6 /* BaseViewModel.swift in Sources */,
				3B52AB3B29E867A20035E6F6 /* RecommendViewController.swift in Sources */,
				3B52AB5129E91CBC0035E6F6 /* AnchorGroup.swift in Sources */,
				3B52AB7929EA6C510035E6F6 /* BaseNavigationController.swift in Sources */,
				3BF0C25B29E7B9E900AE950B /* AppDelegate.swift in Sources */,
				3B52AB3229E810490035E6F6 /* PageTitleView.swift in Sources */,
				3B52AB6029E99A4C0035E6F6 /* CollectionCycleCell.swift in Sources */,
				3B5DE59F29EA8FAB0025EFA1 /* VideoCaptureViewController.swift in Sources */,
				3B52AB7729EA67040035E6F6 /* RoomNormalViewController.swift in Sources */,
				3B52AB5D29E993DA0035E6F6 /* CycleModel.swift in Sources */,
				3B52AB3729E8437E0035E6F6 /* PageContentView.swift in Sources */,
				3B52AB3029E809520035E6F6 /* UIBarButtonItem-Extension.swift in Sources */,
				3B52AB3529E831D30035E6F6 /* Common.swift in Sources */,
				3B52AB4629E880AD0035E6F6 /* CollectionPrettyCell.swift in Sources */,
				3B52AB4F29E90D0E0035E6F6 /* NSDate-Extension.swift in Sources */,
				3B52AB6429E9ABD60035E6F6 /* CollectionGameCell.swift in Sources */,
				3B52AB7529EA66F80035E6F6 /* RoomShowViewController.swift in Sources */,
				3B52AB4229E8796B0035E6F6 /* CollectionNormalCell.swift in Sources */,
				3B52AB4A29E8F2420035E6F6 /* NetworkTools.swift in Sources */,
				3B52AB6E29EA54B70035E6F6 /* BaseViewController.swift in Sources */,
				3B52AB5529E94DF90035E6F6 /* CollectionBaseCell.swift in Sources */,
				3B52AB2D29E803EC0035E6F6 /* HomeViewController.swift in Sources */,
				3B52AB4D29E9061C0035E6F6 /* RecommendViewModel.swift in Sources */,
				3B52AB5329E9277C0035E6F6 /* AnchorModel.swift in Sources */,
			);
			runOnlyForDeploymentPostprocessing = 0;
		};
		3BF0C26929E7B9F000AE950B /* Sources */ = {
			isa = PBXSourcesBuildPhase;
			buildActionMask = 2147483647;
			files = (
				3BF0C27229E7B9F000AE950B /* CicadaLiveTests.swift in Sources */,
			);
			runOnlyForDeploymentPostprocessing = 0;
		};
		3BF0C27329E7B9F000AE950B /* Sources */ = {
			isa = PBXSourcesBuildPhase;
			buildActionMask = 2147483647;
			files = (
				3BF0C27C29E7B9F000AE950B /* CicadaLiveUITests.swift in Sources */,
				3BF0C27E29E7B9F000AE950B /* CicadaLiveUITestsLaunchTests.swift in Sources */,
			);
			runOnlyForDeploymentPostprocessing = 0;
		};
/* End PBXSourcesBuildPhase section */

/* Begin PBXTargetDependency section */
		3BF0C26F29E7B9F000AE950B /* PBXTargetDependency */ = {
			isa = PBXTargetDependency;
			target = 3BF0C25629E7B9E900AE950B /* CicadaLive */;
			targetProxy = 3BF0C26E29E7B9F000AE950B /* PBXContainerItemProxy */;
		};
		3BF0C27929E7B9F000AE950B /* PBXTargetDependency */ = {
			isa = PBXTargetDependency;
			target = 3BF0C25629E7B9E900AE950B /* CicadaLive */;
			targetProxy = 3BF0C27829E7B9F000AE950B /* PBXContainerItemProxy */;
		};
/* End PBXTargetDependency section */

/* Begin PBXVariantGroup section */
		3B52AB1029E7EFD80035E6F6 /* MainViewController.swift */ = {
			isa = PBXVariantGroup;
			children = (
				3B52AB1129E7EFD80035E6F6 /* Base */,
			);
			name = MainViewController.swift;
			sourceTree = "<group>";
		};
		3BF0C26029E7B9E900AE950B /* Main.storyboard */ = {
			isa = PBXVariantGroup;
			children = (
				3BF0C26129E7B9E900AE950B /* Base */,
			);
			name = Main.storyboard;
			sourceTree = "<group>";
		};
		3BF0C26529E7B9EF00AE950B /* LaunchScreen.storyboard */ = {
			isa = PBXVariantGroup;
			children = (
				3BF0C26629E7B9EF00AE950B /* Base */,
			);
			name = LaunchScreen.storyboard;
			sourceTree = "<group>";
		};
/* End PBXVariantGroup section */

/* Begin XCBuildConfiguration section */
		3BF0C27F29E7B9F000AE950B /* Debug */ = {
			isa = XCBuildConfiguration;
			buildSettings = {
				ALWAYS_SEARCH_USER_PATHS = NO;
				CLANG_ANALYZER_NONNULL = YES;
				CLANG_ANALYZER_NUMBER_OBJECT_CONVERSION = YES_AGGRESSIVE;
				CLANG_CXX_LANGUAGE_STANDARD = "gnu++20";
				CLANG_ENABLE_MODULES = YES;
				CLANG_ENABLE_OBJC_ARC = YES;
				CLANG_ENABLE_OBJC_WEAK = YES;
				CLANG_WARN_BLOCK_CAPTURE_AUTORELEASING = YES;
				CLANG_WARN_BOOL_CONVERSION = YES;
				CLANG_WARN_COMMA = YES;
				CLANG_WARN_CONSTANT_CONVERSION = YES;
				CLANG_WARN_DEPRECATED_OBJC_IMPLEMENTATIONS = YES;
				CLANG_WARN_DIRECT_OBJC_ISA_USAGE = YES_ERROR;
				CLANG_WARN_DOCUMENTATION_COMMENTS = YES;
				CLANG_WARN_EMPTY_BODY = YES;
				CLANG_WARN_ENUM_CONVERSION = YES;
				CLANG_WARN_INFINITE_RECURSION = YES;
				CLANG_WARN_INT_CONVERSION = YES;
				CLANG_WARN_NON_LITERAL_NULL_CONVERSION = YES;
				CLANG_WARN_OBJC_IMPLICIT_RETAIN_SELF = YES;
				CLANG_WARN_OBJC_LITERAL_CONVERSION = YES;
				CLANG_WARN_OBJC_ROOT_CLASS = YES_ERROR;
				CLANG_WARN_QUOTED_INCLUDE_IN_FRAMEWORK_HEADER = YES;
				CLANG_WARN_RANGE_LOOP_ANALYSIS = YES;
				CLANG_WARN_STRICT_PROTOTYPES = YES;
				CLANG_WARN_SUSPICIOUS_MOVE = YES;
				CLANG_WARN_UNGUARDED_AVAILABILITY = YES_AGGRESSIVE;
				CLANG_WARN_UNREACHABLE_CODE = YES;
				CLANG_WARN__DUPLICATE_METHOD_MATCH = YES;
				COPY_PHASE_STRIP = NO;
				DEBUG_INFORMATION_FORMAT = dwarf;
				ENABLE_STRICT_OBJC_MSGSEND = YES;
				ENABLE_TESTABILITY = YES;
				GCC_C_LANGUAGE_STANDARD = gnu11;
				GCC_DYNAMIC_NO_PIC = NO;
				GCC_NO_COMMON_BLOCKS = YES;
				GCC_OPTIMIZATION_LEVEL = 0;
				GCC_PREPROCESSOR_DEFINITIONS = (
					"DEBUG=1",
					"$(inherited)",
				);
				GCC_WARN_64_TO_32_BIT_CONVERSION = YES;
				GCC_WARN_ABOUT_RETURN_TYPE = YES_ERROR;
				GCC_WARN_UNDECLARED_SELECTOR = YES;
				GCC_WARN_UNINITIALIZED_AUTOS = YES_AGGRESSIVE;
				GCC_WARN_UNUSED_FUNCTION = YES;
				GCC_WARN_UNUSED_VARIABLE = YES;
				IPHONEOS_DEPLOYMENT_TARGET = 16.2;
				MTL_ENABLE_DEBUG_INFO = INCLUDE_SOURCE;
				MTL_FAST_MATH = YES;
				ONLY_ACTIVE_ARCH = YES;
				SDKROOT = iphoneos;
				SWIFT_ACTIVE_COMPILATION_CONDITIONS = DEBUG;
				SWIFT_OPTIMIZATION_LEVEL = "-Onone";
			};
			name = Debug;
		};
		3BF0C28029E7B9F000AE950B /* Release */ = {
			isa = XCBuildConfiguration;
			buildSettings = {
				ALWAYS_SEARCH_USER_PATHS = NO;
				CLANG_ANALYZER_NONNULL = YES;
				CLANG_ANALYZER_NUMBER_OBJECT_CONVERSION = YES_AGGRESSIVE;
				CLANG_CXX_LANGUAGE_STANDARD = "gnu++20";
				CLANG_ENABLE_MODULES = YES;
				CLANG_ENABLE_OBJC_ARC = YES;
				CLANG_ENABLE_OBJC_WEAK = YES;
				CLANG_WARN_BLOCK_CAPTURE_AUTORELEASING = YES;
				CLANG_WARN_BOOL_CONVERSION = YES;
				CLANG_WARN_COMMA = YES;
				CLANG_WARN_CONSTANT_CONVERSION = YES;
				CLANG_WARN_DEPRECATED_OBJC_IMPLEMENTATIONS = YES;
				CLANG_WARN_DIRECT_OBJC_ISA_USAGE = YES_ERROR;
				CLANG_WARN_DOCUMENTATION_COMMENTS = YES;
				CLANG_WARN_EMPTY_BODY = YES;
				CLANG_WARN_ENUM_CONVERSION = YES;
				CLANG_WARN_INFINITE_RECURSION = YES;
				CLANG_WARN_INT_CONVERSION = YES;
				CLANG_WARN_NON_LITERAL_NULL_CONVERSION = YES;
				CLANG_WARN_OBJC_IMPLICIT_RETAIN_SELF = YES;
				CLANG_WARN_OBJC_LITERAL_CONVERSION = YES;
				CLANG_WARN_OBJC_ROOT_CLASS = YES_ERROR;
				CLANG_WARN_QUOTED_INCLUDE_IN_FRAMEWORK_HEADER = YES;
				CLANG_WARN_RANGE_LOOP_ANALYSIS = YES;
				CLANG_WARN_STRICT_PROTOTYPES = YES;
				CLANG_WARN_SUSPICIOUS_MOVE = YES;
				CLANG_WARN_UNGUARDED_AVAILABILITY = YES_AGGRESSIVE;
				CLANG_WARN_UNREACHABLE_CODE = YES;
				CLANG_WARN__DUPLICATE_METHOD_MATCH = YES;
				COPY_PHASE_STRIP = NO;
				DEBUG_INFORMATION_FORMAT = "dwarf-with-dsym";
				ENABLE_NS_ASSERTIONS = NO;
				ENABLE_STRICT_OBJC_MSGSEND = YES;
				GCC_C_LANGUAGE_STANDARD = gnu11;
				GCC_NO_COMMON_BLOCKS = YES;
				GCC_WARN_64_TO_32_BIT_CONVERSION = YES;
				GCC_WARN_ABOUT_RETURN_TYPE = YES_ERROR;
				GCC_WARN_UNDECLARED_SELECTOR = YES;
				GCC_WARN_UNINITIALIZED_AUTOS = YES_AGGRESSIVE;
				GCC_WARN_UNUSED_FUNCTION = YES;
				GCC_WARN_UNUSED_VARIABLE = YES;
				IPHONEOS_DEPLOYMENT_TARGET = 16.2;
				MTL_ENABLE_DEBUG_INFO = NO;
				MTL_FAST_MATH = YES;
				SDKROOT = iphoneos;
				SWIFT_COMPILATION_MODE = wholemodule;
				SWIFT_OPTIMIZATION_LEVEL = "-O";
				VALIDATE_PRODUCT = YES;
			};
			name = Release;
		};
		3BF0C28229E7B9F000AE950B /* Debug */ = {
			isa = XCBuildConfiguration;
			baseConfigurationReference = 0A1BFA0903DC133C6F25E044 /* Pods-CicadaLive.debug.xcconfig */;
			buildSettings = {
				ASSETCATALOG_COMPILER_APPICON_NAME = AppIcon;
				ASSETCATALOG_COMPILER_GLOBAL_ACCENT_COLOR_NAME = AccentColor;
				CODE_SIGN_STYLE = Automatic;
				CURRENT_PROJECT_VERSION = 1;
				DEVELOPMENT_TEAM = RG5P9592N3;
				GENERATE_INFOPLIST_FILE = YES;
				INFOPLIST_FILE = CicadaLive/Info.plist;
				INFOPLIST_KEY_UIApplicationSupportsIndirectInputEvents = YES;
				INFOPLIST_KEY_UILaunchStoryboardName = LaunchScreen;
				INFOPLIST_KEY_UIMainStoryboardFile = Main;
				INFOPLIST_KEY_UISupportedInterfaceOrientations = UIInterfaceOrientationPortrait;
				IPHONEOS_DEPLOYMENT_TARGET = 13.0;
				LD_RUNPATH_SEARCH_PATHS = (
					"$(inherited)",
					"@executable_path/Frameworks",
				);
				MARKETING_VERSION = 1.0;
				PRODUCT_BUNDLE_IDENTIFIER = com.zl.CicadaLive;
				PRODUCT_NAME = "$(TARGET_NAME)";
				SWIFT_EMIT_LOC_STRINGS = YES;
				SWIFT_VERSION = 5.0;
				TARGETED_DEVICE_FAMILY = "1,2";
			};
			name = Debug;
		};
		3BF0C28329E7B9F000AE950B /* Release */ = {
			isa = XCBuildConfiguration;
			baseConfigurationReference = 8B108D325261AEF4170BFF0E /* Pods-CicadaLive.release.xcconfig */;
			buildSettings = {
				ASSETCATALOG_COMPILER_APPICON_NAME = AppIcon;
				ASSETCATALOG_COMPILER_GLOBAL_ACCENT_COLOR_NAME = AccentColor;
				CODE_SIGN_STYLE = Automatic;
				CURRENT_PROJECT_VERSION = 1;
				DEVELOPMENT_TEAM = RG5P9592N3;
				GENERATE_INFOPLIST_FILE = YES;
				INFOPLIST_FILE = CicadaLive/Info.plist;
				INFOPLIST_KEY_UIApplicationSupportsIndirectInputEvents = YES;
				INFOPLIST_KEY_UILaunchStoryboardName = LaunchScreen;
				INFOPLIST_KEY_UIMainStoryboardFile = Main;
				INFOPLIST_KEY_UISupportedInterfaceOrientations = UIInterfaceOrientationPortrait;
				IPHONEOS_DEPLOYMENT_TARGET = 13.0;
				LD_RUNPATH_SEARCH_PATHS = (
					"$(inherited)",
					"@executable_path/Frameworks",
				);
				MARKETING_VERSION = 1.0;
				PRODUCT_BUNDLE_IDENTIFIER = com.zl.CicadaLive;
				PRODUCT_NAME = "$(TARGET_NAME)";
				SWIFT_EMIT_LOC_STRINGS = YES;
				SWIFT_VERSION = 5.0;
				TARGETED_DEVICE_FAMILY = "1,2";
			};
			name = Release;
		};
		3BF0C28529E7B9F000AE950B /* Debug */ = {
			isa = XCBuildConfiguration;
			baseConfigurationReference = 5DE613B9E94023FF8888AFB3 /* Pods-CicadaLiveTests.debug.xcconfig */;
			buildSettings = {
				ALWAYS_EMBED_SWIFT_STANDARD_LIBRARIES = YES;
				BUNDLE_LOADER = "$(TEST_HOST)";
				CODE_SIGN_STYLE = Automatic;
				CURRENT_PROJECT_VERSION = 1;
				DEVELOPMENT_TEAM = WCRCKC56AH;
				GENERATE_INFOPLIST_FILE = YES;
				IPHONEOS_DEPLOYMENT_TARGET = 16.2;
				MARKETING_VERSION = 1.0;
				PRODUCT_BUNDLE_IDENTIFIER = com.zl.CicadaLiveTests;
				PRODUCT_NAME = "$(TARGET_NAME)";
				SWIFT_EMIT_LOC_STRINGS = NO;
				SWIFT_VERSION = 5.0;
				TARGETED_DEVICE_FAMILY = "1,2";
				TEST_HOST = "$(BUILT_PRODUCTS_DIR)/CicadaLive.app/$(BUNDLE_EXECUTABLE_FOLDER_PATH)/CicadaLive";
			};
			name = Debug;
		};
		3BF0C28629E7B9F000AE950B /* Release */ = {
			isa = XCBuildConfiguration;
			baseConfigurationReference = BE5C24C8DE830921DCC874B5 /* Pods-CicadaLiveTests.release.xcconfig */;
			buildSettings = {
				ALWAYS_EMBED_SWIFT_STANDARD_LIBRARIES = YES;
				BUNDLE_LOADER = "$(TEST_HOST)";
				CODE_SIGN_STYLE = Automatic;
				CURRENT_PROJECT_VERSION = 1;
				DEVELOPMENT_TEAM = WCRCKC56AH;
				GENERATE_INFOPLIST_FILE = YES;
				IPHONEOS_DEPLOYMENT_TARGET = 16.2;
				MARKETING_VERSION = 1.0;
				PRODUCT_BUNDLE_IDENTIFIER = com.zl.CicadaLiveTests;
				PRODUCT_NAME = "$(TARGET_NAME)";
				SWIFT_EMIT_LOC_STRINGS = NO;
				SWIFT_VERSION = 5.0;
				TARGETED_DEVICE_FAMILY = "1,2";
				TEST_HOST = "$(BUILT_PRODUCTS_DIR)/CicadaLive.app/$(BUNDLE_EXECUTABLE_FOLDER_PATH)/CicadaLive";
			};
			name = Release;
		};
		3BF0C28829E7B9F000AE950B /* Debug */ = {
			isa = XCBuildConfiguration;
			baseConfigurationReference = B928BC96C2CBC8360C543C73 /* Pods-CicadaLive-CicadaLiveUITests.debug.xcconfig */;
			buildSettings = {
				ALWAYS_EMBED_SWIFT_STANDARD_LIBRARIES = YES;
				CODE_SIGN_STYLE = Automatic;
				CURRENT_PROJECT_VERSION = 1;
				DEVELOPMENT_TEAM = WCRCKC56AH;
				GENERATE_INFOPLIST_FILE = YES;
				MARKETING_VERSION = 1.0;
				PRODUCT_BUNDLE_IDENTIFIER = com.zl.CicadaLiveUITests;
				PRODUCT_NAME = "$(TARGET_NAME)";
				SWIFT_EMIT_LOC_STRINGS = NO;
				SWIFT_VERSION = 5.0;
				TARGETED_DEVICE_FAMILY = "1,2";
				TEST_TARGET_NAME = CicadaLive;
			};
			name = Debug;
		};
		3BF0C28929E7B9F000AE950B /* Release */ = {
			isa = XCBuildConfiguration;
			baseConfigurationReference = 52581DBE6B40700E36FCC1DD /* Pods-CicadaLive-CicadaLiveUITests.release.xcconfig */;
			buildSettings = {
				ALWAYS_EMBED_SWIFT_STANDARD_LIBRARIES = YES;
				CODE_SIGN_STYLE = Automatic;
				CURRENT_PROJECT_VERSION = 1;
				DEVELOPMENT_TEAM = WCRCKC56AH;
				GENERATE_INFOPLIST_FILE = YES;
				MARKETING_VERSION = 1.0;
				PRODUCT_BUNDLE_IDENTIFIER = com.zl.CicadaLiveUITests;
				PRODUCT_NAME = "$(TARGET_NAME)";
				SWIFT_EMIT_LOC_STRINGS = NO;
				SWIFT_VERSION = 5.0;
				TARGETED_DEVICE_FAMILY = "1,2";
				TEST_TARGET_NAME = CicadaLive;
			};
			name = Release;
		};
/* End XCBuildConfiguration section */

/* Begin XCConfigurationList section */
		3BF0C25229E7B9E800AE950B /* Build configuration list for PBXProject "CicadaLive" */ = {
			isa = XCConfigurationList;
			buildConfigurations = (
				3BF0C27F29E7B9F000AE950B /* Debug */,
				3BF0C28029E7B9F000AE950B /* Release */,
			);
			defaultConfigurationIsVisible = 0;
			defaultConfigurationName = Release;
		};
		3BF0C28129E7B9F000AE950B /* Build configuration list for PBXNativeTarget "CicadaLive" */ = {
			isa = XCConfigurationList;
			buildConfigurations = (
				3BF0C28229E7B9F000AE950B /* Debug */,
				3BF0C28329E7B9F000AE950B /* Release */,
			);
			defaultConfigurationIsVisible = 0;
			defaultConfigurationName = Release;
		};
		3BF0C28429E7B9F000AE950B /* Build configuration list for PBXNativeTarget "CicadaLiveTests" */ = {
			isa = XCConfigurationList;
			buildConfigurations = (
				3BF0C28529E7B9F000AE950B /* Debug */,
				3BF0C28629E7B9F000AE950B /* Release */,
			);
			defaultConfigurationIsVisible = 0;
			defaultConfigurationName = Release;
		};
		3BF0C28729E7B9F000AE950B /* Build configuration list for PBXNativeTarget "CicadaLiveUITests" */ = {
			isa = XCConfigurationList;
			buildConfigurations = (
				3BF0C28829E7B9F000AE950B /* Debug */,
				3BF0C28929E7B9F000AE950B /* Release */,
			);
			defaultConfigurationIsVisible = 0;
			defaultConfigurationName = Release;
		};
/* End XCConfigurationList section */
	};
	rootObject = 3BF0C24F29E7B9E800AE950B /* Project object */;
}
